
Microsoft Visual Studio Solution File, Format Version 12.00
# Visual Studio 15
VisualStudioVersion = 15.0.27130.2027
MinimumVisualStudioVersion = 10.0.40219.1
Project("{FAE04EC0-301F-11D3-BF4B-00C04F79EFBC}") = "JMOElectionServer", "JMOElectionServer\JMOElectionServer.csproj", "{7EC7ECC6-599C-48C4-AF52-4513BCEEA487}"
EndProject
Global
	GlobalSection(SolutionConfigurationPlatforms) = preSolution
		Debug|Any CPU = Debug|Any CPU
		Release|Any CPU = Release|Any CPU
	EndGlobalSection
	GlobalSection(ProjectConfigurationPlatforms) = postSolution
		{7EC7ECC6-599C-48C4-AF52-4513BCEEA487}.Debug|Any CPU.ActiveCfg = Debug|Any CPU
		{7EC7ECC6-599C-48C4-AF52-4513BCEEA487}.Debug|Any CPU.Build.0 = Debug|Any CPU
		{7EC7ECC6-599C-48C4-AF52-4513BCEEA487}.Release|Any CPU.ActiveCfg = Release|Any CPU
		{7EC7ECC6-599C-48C4-AF52-4513BCEEA487}.Release|Any CPU.Build.0 = Release|Any CPU
	EndGlobalSection
	GlobalSection(SolutionProperties) = preSolution
		HideSolutionNode = FALSE
	EndGlobalSection
	GlobalSection(ExtensibilityGlobals) = postSolution
		SolutionGuid = {8A5284FE-A643-4CD6-8C9A-1CEFF436E7F1}
	EndGlobalSection
EndGlobal
